
Microsoft Visual Studio Solution File, Format Version 12.00
# Visual Studio Version 16
VisualStudioVersion = 16.0.31205.134
MinimumVisualStudioVersion = 10.0.40219.1
Project("{FAE04EC0-301F-11D3-BF4B-00C04F79EFBC}") = "FalmlyClassesss", "FalmlyClassesss.csproj", "{38E7F7B8-576B-4F98-AF97-5179F7B9297E}"
EndProject
Global
	GlobalSection(SolutionConfigurationPlatforms) = preSolution
		Debug|Any CPU = Debug|Any CPU
		Release|Any CPU = Release|Any CPU
	EndGlobalSection
	GlobalSection(ProjectConfigurationPlatforms) = postSolution
		{38E7F7B8-576B-4F98-AF97-5179F7B9297E}.Debug|Any CPU.ActiveCfg = Debug|Any CPU
		{38E7F7B8-576B-4F98-AF97-5179F7B9297E}.Debug|Any CPU.Build.0 = Debug|Any CPU
		{38E7F7B8-576B-4F98-AF97-5179F7B9297E}.Release|Any CPU.ActiveCfg = Release|Any CPU
		{38E7F7B8-576B-4F98-AF97-5179F7B9297E}.Release|Any CPU.Build.0 = Release|Any CPU
	EndGlobalSection
	GlobalSection(SolutionProperties) = preSolution
		HideSolutionNode = FALSE
	EndGlobalSection
	GlobalSection(ExtensibilityGlobals) = postSolution
		SolutionGuid = {A49C1B94-80B0-412B-99D8-8B6C8BDD6791}
	EndGlobalSection
EndGlobal
